// !$*UTF8*$!
{
	archiveVersion = 1;
	classes = {
	};
	objectVersion = 46;
	objects = {

/* Begin PBXBuildFile section */
		493583DF1AD5B173007A46EC /* WeaponController.m in Sources */ = {isa = PBXBuildFile; fileRef = 493583DE1AD5B173007A46EC /* WeaponController.m */; };
		49603D641AD0B84700AB3E50 /* WeaponsTableViewCell.m in Sources */ = {isa = PBXBuildFile; fileRef = 49603D631AD0B84700AB3E50 /* WeaponsTableViewCell.m */; };
		49603D671AD0B87200AB3E50 /* AvatarTableViewCell.m in Sources */ = {isa = PBXBuildFile; fileRef = 49603D661AD0B87200AB3E50 /* AvatarTableViewCell.m */; };
		49603D6C1AD1022300AB3E50 /* CustomLoginViewController.m in Sources */ = {isa = PBXBuildFile; fileRef = 49603D691AD1022300AB3E50 /* CustomLoginViewController.m */; };
		49603D6D1AD1022300AB3E50 /* CustomSignUpViewController.m in Sources */ = {isa = PBXBuildFile; fileRef = 49603D6B1AD1022300AB3E50 /* CustomSignUpViewController.m */; };
		49603D711AD20ADF00AB3E50 /* UserController.m in Sources */ = {isa = PBXBuildFile; fileRef = 49603D701AD20ADF00AB3E50 /* UserController.m */; };
		4968573F1AD5993E000CE114 /* Weapon.m in Sources */ = {isa = PBXBuildFile; fileRef = 4968573E1AD5993E000CE114 /* Weapon.m */; };
		497063471AD0B68600FBA403 /* Bolts.framework in Frameworks */ = {isa = PBXBuildFile; fileRef = 497063441AD0B68600FBA403 /* Bolts.framework */; };
		497063481AD0B68600FBA403 /* Parse.framework in Frameworks */ = {isa = PBXBuildFile; fileRef = 497063451AD0B68600FBA403 /* Parse.framework */; };
		497063491AD0B68600FBA403 /* ParseUI.framework in Frameworks */ = {isa = PBXBuildFile; fileRef = 497063461AD0B68600FBA403 /* ParseUI.framework */; };
		4970634B1AD0B69E00FBA403 /* MobileCoreServices.framework in Frameworks */ = {isa = PBXBuildFile; fileRef = 4970634A1AD0B69E00FBA403 /* MobileCoreServices.framework */; };
		4970634D1AD0B6A700FBA403 /* QuartzCore.framework in Frameworks */ = {isa = PBXBuildFile; fileRef = 4970634C1AD0B6A700FBA403 /* QuartzCore.framework */; };
		4970634F1AD0B6B200FBA403 /* AudioToolbox.framework in Frameworks */ = {isa = PBXBuildFile; fileRef = 4970634E1AD0B6B200FBA403 /* AudioToolbox.framework */; };
		497063511AD0B6C400FBA403 /* Security.framework in Frameworks */ = {isa = PBXBuildFile; fileRef = 497063501AD0B6C400FBA403 /* Security.framework */; };
		497063531AD0B6CF00FBA403 /* SystemConfiguration.framework in Frameworks */ = {isa = PBXBuildFile; fileRef = 497063521AD0B6CF00FBA403 /* SystemConfiguration.framework */; };
		497063551AD0B6D400FBA403 /* Social.framework in Frameworks */ = {isa = PBXBuildFile; fileRef = 497063541AD0B6D400FBA403 /* Social.framework */; };
		497063571AD0B6DA00FBA403 /* Accounts.framework in Frameworks */ = {isa = PBXBuildFile; fileRef = 497063561AD0B6DA00FBA403 /* Accounts.framework */; };
		497063591AD0B6E200FBA403 /* libsqlite3.dylib in Frameworks */ = {isa = PBXBuildFile; fileRef = 497063581AD0B6E200FBA403 /* libsqlite3.dylib */; };
		4970635B1AD0B6E800FBA403 /* libz.dylib in Frameworks */ = {isa = PBXBuildFile; fileRef = 4970635A1AD0B6E800FBA403 /* libz.dylib */; };
		4970635D1AD0B6EE00FBA403 /* CoreGraphics.framework in Frameworks */ = {isa = PBXBuildFile; fileRef = 4970635C1AD0B6EE00FBA403 /* CoreGraphics.framework */; };
		4970635F1AD0B6F500FBA403 /* UIKit.framework in Frameworks */ = {isa = PBXBuildFile; fileRef = 4970635E1AD0B6F500FBA403 /* UIKit.framework */; };
		497063611AD0B6FA00FBA403 /* Foundation.framework in Frameworks */ = {isa = PBXBuildFile; fileRef = 497063601AD0B6FA00FBA403 /* Foundation.framework */; };
		497063631AD0B70000FBA403 /* CoreLocation.framework in Frameworks */ = {isa = PBXBuildFile; fileRef = 497063621AD0B70000FBA403 /* CoreLocation.framework */; };
		497063651AD0B70A00FBA403 /* MapKit.framework in Frameworks */ = {isa = PBXBuildFile; fileRef = 497063641AD0B70A00FBA403 /* MapKit.framework */; };
		49835E111AD32FA10058917B /* LeaderBoardController.m in Sources */ = {isa = PBXBuildFile; fileRef = 49835E101AD32FA10058917B /* LeaderBoardController.m */; };
		49835E141AD34F400058917B /* LeaderboardCellTableViewCell.m in Sources */ = {isa = PBXBuildFile; fileRef = 49835E131AD34F400058917B /* LeaderboardCellTableViewCell.m */; };
		49835E171AD39CCF0058917B /* GoogleMaps.framework in Frameworks */ = {isa = PBXBuildFile; fileRef = 49835E161AD39CCF0058917B /* GoogleMaps.framework */; };
		49835E191AD39CE40058917B /* GoogleMaps.bundle in Resources */ = {isa = PBXBuildFile; fileRef = 49835E181AD39CE40058917B /* GoogleMaps.bundle */; };
		49835E1B1AD39D150058917B /* AVFoundation.framework in Frameworks */ = {isa = PBXBuildFile; fileRef = 49835E1A1AD39D150058917B /* AVFoundation.framework */; };
		49835E1D1AD39D230058917B /* CoreData.framework in Frameworks */ = {isa = PBXBuildFile; fileRef = 49835E1C1AD39D230058917B /* CoreData.framework */; };
		49835E1F1AD39D350058917B /* CoreText.framework in Frameworks */ = {isa = PBXBuildFile; fileRef = 49835E1E1AD39D350058917B /* CoreText.framework */; };
		49835E211AD39D3C0058917B /* GLKit.framework in Frameworks */ = {isa = PBXBuildFile; fileRef = 49835E201AD39D3C0058917B /* GLKit.framework */; };
		49835E231AD39D490058917B /* ImageIO.framework in Frameworks */ = {isa = PBXBuildFile; fileRef = 49835E221AD39D490058917B /* ImageIO.framework */; };
		49835E251AD39D540058917B /* libc++.dylib in Frameworks */ = {isa = PBXBuildFile; fileRef = 49835E241AD39D540058917B /* libc++.dylib */; };
		49835E271AD39D640058917B /* libicucore.dylib in Frameworks */ = {isa = PBXBuildFile; fileRef = 49835E261AD39D640058917B /* libicucore.dylib */; };
		49835E291AD39D760058917B /* OpenGLES.framework in Frameworks */ = {isa = PBXBuildFile; fileRef = 49835E281AD39D760058917B /* OpenGLES.framework */; };
		4996BA671AD82B15002D5663 /* User.m in Sources */ = {isa = PBXBuildFile; fileRef = 4996BA661AD82B15002D5663 /* User.m */; };
		4996BA6D1AD82F68002D5663 /* GMSMarkerWithUser.m in Sources */ = {isa = PBXBuildFile; fileRef = 4996BA6C1AD82F68002D5663 /* GMSMarkerWithUser.m */; };
		4996BA701AD88F05002D5663 /* HitChecker.m in Sources */ = {isa = PBXBuildFile; fileRef = 4996BA6F1AD88F05002D5663 /* HitChecker.m */; };
		4996BA731AD8CF34002D5663 /* CountdownTimerViewController.m in Sources */ = {isa = PBXBuildFile; fileRef = 4996BA721AD8CF34002D5663 /* CountdownTimerViewController.m */; };
		49B9DBBE1ACDD519003EA46E /* main.m in Sources */ = {isa = PBXBuildFile; fileRef = 49B9DBBD1ACDD519003EA46E /* main.m */; };
		49B9DBC11ACDD519003EA46E /* AppDelegate.m in Sources */ = {isa = PBXBuildFile; fileRef = 49B9DBC01ACDD519003EA46E /* AppDelegate.m */; };
		49B9DBC71ACDD519003EA46E /* Main.storyboard in Resources */ = {isa = PBXBuildFile; fileRef = 49B9DBC51ACDD519003EA46E /* Main.storyboard */; };
		49B9DBC91ACDD519003EA46E /* Images.xcassets in Resources */ = {isa = PBXBuildFile; fileRef = 49B9DBC81ACDD519003EA46E /* Images.xcassets */; };
		49B9DBCC1ACDD519003EA46E /* LaunchScreen.xib in Resources */ = {isa = PBXBuildFile; fileRef = 49B9DBCA1ACDD519003EA46E /* LaunchScreen.xib */; };
		49B9DBD81ACDD519003EA46E /* MapTestTests.m in Sources */ = {isa = PBXBuildFile; fileRef = 49B9DBD71ACDD519003EA46E /* MapTestTests.m */; };
		49B9DBEB1ACDDB2A003EA46E /* MapViewController.m in Sources */ = {isa = PBXBuildFile; fileRef = 49B9DBEA1ACDDB2A003EA46E /* MapViewController.m */; };
		49B9DC321ACF2A9A003EA46E /* LeaderboardViewController.m in Sources */ = {isa = PBXBuildFile; fileRef = 49B9DC311ACF2A9A003EA46E /* LeaderboardViewController.m */; };
		49B9DC381ACF2BEA003EA46E /* LeaderboardDataSource.m in Sources */ = {isa = PBXBuildFile; fileRef = 49B9DC371ACF2BEA003EA46E /* LeaderboardDataSource.m */; };
		49B9DC3B1ACF2D94003EA46E /* ProfileviewControllerViewController.m in Sources */ = {isa = PBXBuildFile; fileRef = 49B9DC3A1ACF2D94003EA46E /* ProfileviewControllerViewController.m */; };
		49B9DC411ACF394E003EA46E /* ProfileViewDataSource.m in Sources */ = {isa = PBXBuildFile; fileRef = 49B9DC401ACF394E003EA46E /* ProfileViewDataSource.m */; };
		49B9DC441ACF4952003EA46E /* ProfileTableViewCell.m in Sources */ = {isa = PBXBuildFile; fileRef = 49B9DC431ACF4952003EA46E /* ProfileTableViewCell.m */; };
/* End PBXBuildFile section */

/* Begin PBXContainerItemProxy section */
		49B9DBD21ACDD519003EA46E /* PBXContainerItemProxy */ = {
			isa = PBXContainerItemProxy;
			containerPortal = 49B9DBB01ACDD518003EA46E /* Project object */;
			proxyType = 1;
			remoteGlobalIDString = 49B9DBB71ACDD518003EA46E;
			remoteInfo = MapTest;
		};
/* End PBXContainerItemProxy section */

/* Begin PBXFileReference section */
		493583DD1AD5B173007A46EC /* WeaponController.h */ = {isa = PBXFileReference; fileEncoding = 4; lastKnownFileType = sourcecode.c.h; path = WeaponController.h; sourceTree = "<group>"; };
		493583DE1AD5B173007A46EC /* WeaponController.m */ = {isa = PBXFileReference; fileEncoding = 4; lastKnownFileType = sourcecode.c.objc; path = WeaponController.m; sourceTree = "<group>"; };
		49603D621AD0B84700AB3E50 /* WeaponsTableViewCell.h */ = {isa = PBXFileReference; fileEncoding = 4; lastKnownFileType = sourcecode.c.h; path = WeaponsTableViewCell.h; sourceTree = "<group>"; };
		49603D631AD0B84700AB3E50 /* WeaponsTableViewCell.m */ = {isa = PBXFileReference; fileEncoding = 4; lastKnownFileType = sourcecode.c.objc; path = WeaponsTableViewCell.m; sourceTree = "<group>"; };
		49603D651AD0B87200AB3E50 /* AvatarTableViewCell.h */ = {isa = PBXFileReference; fileEncoding = 4; lastKnownFileType = sourcecode.c.h; path = AvatarTableViewCell.h; sourceTree = "<group>"; };
		49603D661AD0B87200AB3E50 /* AvatarTableViewCell.m */ = {isa = PBXFileReference; fileEncoding = 4; lastKnownFileType = sourcecode.c.objc; path = AvatarTableViewCell.m; sourceTree = "<group>"; };
		49603D681AD1022300AB3E50 /* CustomLoginViewController.h */ = {isa = PBXFileReference; fileEncoding = 4; lastKnownFileType = sourcecode.c.h; path = CustomLoginViewController.h; sourceTree = "<group>"; };
		49603D691AD1022300AB3E50 /* CustomLoginViewController.m */ = {isa = PBXFileReference; fileEncoding = 4; lastKnownFileType = sourcecode.c.objc; path = CustomLoginViewController.m; sourceTree = "<group>"; };
		49603D6A1AD1022300AB3E50 /* CustomSignUpViewController.h */ = {isa = PBXFileReference; fileEncoding = 4; lastKnownFileType = sourcecode.c.h; path = CustomSignUpViewController.h; sourceTree = "<group>"; };
		49603D6B1AD1022300AB3E50 /* CustomSignUpViewController.m */ = {isa = PBXFileReference; fileEncoding = 4; lastKnownFileType = sourcecode.c.objc; path = CustomSignUpViewController.m; sourceTree = "<group>"; };
		49603D6F1AD20ADF00AB3E50 /* UserController.h */ = {isa = PBXFileReference; fileEncoding = 4; lastKnownFileType = sourcecode.c.h; path = UserController.h; sourceTree = "<group>"; };
		49603D701AD20ADF00AB3E50 /* UserController.m */ = {isa = PBXFileReference; fileEncoding = 4; lastKnownFileType = sourcecode.c.objc; path = UserController.m; sourceTree = "<group>"; };
		4968573D1AD5993E000CE114 /* Weapon.h */ = {isa = PBXFileReference; fileEncoding = 4; lastKnownFileType = sourcecode.c.h; path = Weapon.h; sourceTree = "<group>"; };
		4968573E1AD5993E000CE114 /* Weapon.m */ = {isa = PBXFileReference; fileEncoding = 4; lastKnownFileType = sourcecode.c.objc; path = Weapon.m; sourceTree = "<group>"; };
		497063441AD0B68600FBA403 /* Bolts.framework */ = {isa = PBXFileReference; lastKnownFileType = wrapper.framework; name = Bolts.framework; path = MapTest/Bolts.framework; sourceTree = "<group>"; };
		497063451AD0B68600FBA403 /* Parse.framework */ = {isa = PBXFileReference; lastKnownFileType = wrapper.framework; name = Parse.framework; path = MapTest/Parse.framework; sourceTree = "<group>"; };
		497063461AD0B68600FBA403 /* ParseUI.framework */ = {isa = PBXFileReference; lastKnownFileType = wrapper.framework; name = ParseUI.framework; path = MapTest/ParseUI.framework; sourceTree = "<group>"; };
		4970634A1AD0B69E00FBA403 /* MobileCoreServices.framework */ = {isa = PBXFileReference; lastKnownFileType = wrapper.framework; name = MobileCoreServices.framework; path = System/Library/Frameworks/MobileCoreServices.framework; sourceTree = SDKROOT; };
		4970634C1AD0B6A700FBA403 /* QuartzCore.framework */ = {isa = PBXFileReference; lastKnownFileType = wrapper.framework; name = QuartzCore.framework; path = System/Library/Frameworks/QuartzCore.framework; sourceTree = SDKROOT; };
		4970634E1AD0B6B200FBA403 /* AudioToolbox.framework */ = {isa = PBXFileReference; lastKnownFileType = wrapper.framework; name = AudioToolbox.framework; path = System/Library/Frameworks/AudioToolbox.framework; sourceTree = SDKROOT; };
		497063501AD0B6C400FBA403 /* Security.framework */ = {isa = PBXFileReference; lastKnownFileType = wrapper.framework; name = Security.framework; path = System/Library/Frameworks/Security.framework; sourceTree = SDKROOT; };
		497063521AD0B6CF00FBA403 /* SystemConfiguration.framework */ = {isa = PBXFileReference; lastKnownFileType = wrapper.framework; name = SystemConfiguration.framework; path = System/Library/Frameworks/SystemConfiguration.framework; sourceTree = SDKROOT; };
		497063541AD0B6D400FBA403 /* Social.framework */ = {isa = PBXFileReference; lastKnownFileType = wrapper.framework; name = Social.framework; path = System/Library/Frameworks/Social.framework; sourceTree = SDKROOT; };
		497063561AD0B6DA00FBA403 /* Accounts.framework */ = {isa = PBXFileReference; lastKnownFileType = wrapper.framework; name = Accounts.framework; path = System/Library/Frameworks/Accounts.framework; sourceTree = SDKROOT; };
		497063581AD0B6E200FBA403 /* libsqlite3.dylib */ = {isa = PBXFileReference; lastKnownFileType = "compiled.mach-o.dylib"; name = libsqlite3.dylib; path = usr/lib/libsqlite3.dylib; sourceTree = SDKROOT; };
		4970635A1AD0B6E800FBA403 /* libz.dylib */ = {isa = PBXFileReference; lastKnownFileType = "compiled.mach-o.dylib"; name = libz.dylib; path = usr/lib/libz.dylib; sourceTree = SDKROOT; };
		4970635C1AD0B6EE00FBA403 /* CoreGraphics.framework */ = {isa = PBXFileReference; lastKnownFileType = wrapper.framework; name = CoreGraphics.framework; path = System/Library/Frameworks/CoreGraphics.framework; sourceTree = SDKROOT; };
		4970635E1AD0B6F500FBA403 /* UIKit.framework */ = {isa = PBXFileReference; lastKnownFileType = wrapper.framework; name = UIKit.framework; path = System/Library/Frameworks/UIKit.framework; sourceTree = SDKROOT; };
		497063601AD0B6FA00FBA403 /* Foundation.framework */ = {isa = PBXFileReference; lastKnownFileType = wrapper.framework; name = Foundation.framework; path = System/Library/Frameworks/Foundation.framework; sourceTree = SDKROOT; };
		497063621AD0B70000FBA403 /* CoreLocation.framework */ = {isa = PBXFileReference; lastKnownFileType = wrapper.framework; name = CoreLocation.framework; path = System/Library/Frameworks/CoreLocation.framework; sourceTree = SDKROOT; };
		497063641AD0B70A00FBA403 /* MapKit.framework */ = {isa = PBXFileReference; lastKnownFileType = wrapper.framework; name = MapKit.framework; path = System/Library/Frameworks/MapKit.framework; sourceTree = SDKROOT; };
		49835E0F1AD32FA10058917B /* LeaderBoardController.h */ = {isa = PBXFileReference; fileEncoding = 4; lastKnownFileType = sourcecode.c.h; path = LeaderBoardController.h; sourceTree = "<group>"; };
		49835E101AD32FA10058917B /* LeaderBoardController.m */ = {isa = PBXFileReference; fileEncoding = 4; lastKnownFileType = sourcecode.c.objc; path = LeaderBoardController.m; sourceTree = "<group>"; };
		49835E121AD34F400058917B /* LeaderboardCellTableViewCell.h */ = {isa = PBXFileReference; fileEncoding = 4; lastKnownFileType = sourcecode.c.h; path = LeaderboardCellTableViewCell.h; sourceTree = "<group>"; };
		49835E131AD34F400058917B /* LeaderboardCellTableViewCell.m */ = {isa = PBXFileReference; fileEncoding = 4; lastKnownFileType = sourcecode.c.objc; path = LeaderboardCellTableViewCell.m; sourceTree = "<group>"; };
		49835E151AD39C050058917B /* GoogleMapAPI.h */ = {isa = PBXFileReference; lastKnownFileType = sourcecode.c.h; path = GoogleMapAPI.h; sourceTree = "<group>"; };
		49835E161AD39CCF0058917B /* GoogleMaps.framework */ = {isa = PBXFileReference; lastKnownFileType = wrapper.framework; path = GoogleMaps.framework; sourceTree = "<group>"; };
		49835E181AD39CE40058917B /* GoogleMaps.bundle */ = {isa = PBXFileReference; lastKnownFileType = "wrapper.plug-in"; name = GoogleMaps.bundle; path = GoogleMaps.framework/Versions/A/Resources/GoogleMaps.bundle; sourceTree = "<group>"; };
		49835E1A1AD39D150058917B /* AVFoundation.framework */ = {isa = PBXFileReference; lastKnownFileType = wrapper.framework; name = AVFoundation.framework; path = System/Library/Frameworks/AVFoundation.framework; sourceTree = SDKROOT; };
		49835E1C1AD39D230058917B /* CoreData.framework */ = {isa = PBXFileReference; lastKnownFileType = wrapper.framework; name = CoreData.framework; path = System/Library/Frameworks/CoreData.framework; sourceTree = SDKROOT; };
		49835E1E1AD39D350058917B /* CoreText.framework */ = {isa = PBXFileReference; lastKnownFileType = wrapper.framework; name = CoreText.framework; path = System/Library/Frameworks/CoreText.framework; sourceTree = SDKROOT; };
		49835E201AD39D3C0058917B /* GLKit.framework */ = {isa = PBXFileReference; lastKnownFileType = wrapper.framework; name = GLKit.framework; path = System/Library/Frameworks/GLKit.framework; sourceTree = SDKROOT; };
		49835E221AD39D490058917B /* ImageIO.framework */ = {isa = PBXFileReference; lastKnownFileType = wrapper.framework; name = ImageIO.framework; path = System/Library/Frameworks/ImageIO.framework; sourceTree = SDKROOT; };
		49835E241AD39D540058917B /* libc++.dylib */ = {isa = PBXFileReference; lastKnownFileType = "compiled.mach-o.dylib"; name = "libc++.dylib"; path = "usr/lib/libc++.dylib"; sourceTree = SDKROOT; };
		49835E261AD39D640058917B /* libicucore.dylib */ = {isa = PBXFileReference; lastKnownFileType = "compiled.mach-o.dylib"; name = libicucore.dylib; path = usr/lib/libicucore.dylib; sourceTree = SDKROOT; };
		49835E281AD39D760058917B /* OpenGLES.framework */ = {isa = PBXFileReference; lastKnownFileType = wrapper.framework; name = OpenGLES.framework; path = System/Library/Frameworks/OpenGLES.framework; sourceTree = SDKROOT; };
		4996BA651AD82B15002D5663 /* User.h */ = {isa = PBXFileReference; fileEncoding = 4; lastKnownFileType = sourcecode.c.h; path = User.h; sourceTree = "<group>"; };
		4996BA661AD82B15002D5663 /* User.m */ = {isa = PBXFileReference; fileEncoding = 4; lastKnownFileType = sourcecode.c.objc; path = User.m; sourceTree = "<group>"; };
		4996BA6B1AD82F68002D5663 /* GMSMarkerWithUser.h */ = {isa = PBXFileReference; fileEncoding = 4; lastKnownFileType = sourcecode.c.h; path = GMSMarkerWithUser.h; sourceTree = "<group>"; };
		4996BA6C1AD82F68002D5663 /* GMSMarkerWithUser.m */ = {isa = PBXFileReference; fileEncoding = 4; lastKnownFileType = sourcecode.c.objc; path = GMSMarkerWithUser.m; sourceTree = "<group>"; };
		4996BA6E1AD88F04002D5663 /* HitChecker.h */ = {isa = PBXFileReference; fileEncoding = 4; lastKnownFileType = sourcecode.c.h; path = HitChecker.h; sourceTree = "<group>"; };
		4996BA6F1AD88F05002D5663 /* HitChecker.m */ = {isa = PBXFileReference; fileEncoding = 4; lastKnownFileType = sourcecode.c.objc; path = HitChecker.m; sourceTree = "<group>"; };
		4996BA711AD8CF34002D5663 /* CountdownTimerViewController.h */ = {isa = PBXFileReference; fileEncoding = 4; lastKnownFileType = sourcecode.c.h; path = CountdownTimerViewController.h; sourceTree = "<group>"; };
		4996BA721AD8CF34002D5663 /* CountdownTimerViewController.m */ = {isa = PBXFileReference; fileEncoding = 4; lastKnownFileType = sourcecode.c.objc; path = CountdownTimerViewController.m; sourceTree = "<group>"; };
		49B9DBB81ACDD518003EA46E /* MapTest.app */ = {isa = PBXFileReference; explicitFileType = wrapper.application; includeInIndex = 0; path = MapTest.app; sourceTree = BUILT_PRODUCTS_DIR; };
		49B9DBBC1ACDD519003EA46E /* Info.plist */ = {isa = PBXFileReference; lastKnownFileType = text.plist.xml; path = Info.plist; sourceTree = "<group>"; };
		49B9DBBD1ACDD519003EA46E /* main.m */ = {isa = PBXFileReference; lastKnownFileType = sourcecode.c.objc; path = main.m; sourceTree = "<group>"; };
		49B9DBBF1ACDD519003EA46E /* AppDelegate.h */ = {isa = PBXFileReference; lastKnownFileType = sourcecode.c.h; path = AppDelegate.h; sourceTree = "<group>"; };
		49B9DBC01ACDD519003EA46E /* AppDelegate.m */ = {isa = PBXFileReference; lastKnownFileType = sourcecode.c.objc; path = AppDelegate.m; sourceTree = "<group>"; };
		49B9DBC61ACDD519003EA46E /* Base */ = {isa = PBXFileReference; lastKnownFileType = file.storyboard; name = Base; path = Base.lproj/Main.storyboard; sourceTree = "<group>"; };
		49B9DBC81ACDD519003EA46E /* Images.xcassets */ = {isa = PBXFileReference; lastKnownFileType = folder.assetcatalog; path = Images.xcassets; sourceTree = "<group>"; };
		49B9DBCB1ACDD519003EA46E /* Base */ = {isa = PBXFileReference; lastKnownFileType = file.xib; name = Base; path = Base.lproj/LaunchScreen.xib; sourceTree = "<group>"; };
		49B9DBD11ACDD519003EA46E /* MapTestTests.xctest */ = {isa = PBXFileReference; explicitFileType = wrapper.cfbundle; includeInIndex = 0; path = MapTestTests.xctest; sourceTree = BUILT_PRODUCTS_DIR; };
		49B9DBD61ACDD519003EA46E /* Info.plist */ = {isa = PBXFileReference; lastKnownFileType = text.plist.xml; path = Info.plist; sourceTree = "<group>"; };
		49B9DBD71ACDD519003EA46E /* MapTestTests.m */ = {isa = PBXFileReference; lastKnownFileType = sourcecode.c.objc; path = MapTestTests.m; sourceTree = "<group>"; };
		49B9DBE91ACDDB2A003EA46E /* MapViewController.h */ = {isa = PBXFileReference; fileEncoding = 4; lastKnownFileType = sourcecode.c.h; path = MapViewController.h; sourceTree = "<group>"; };
		49B9DBEA1ACDDB2A003EA46E /* MapViewController.m */ = {isa = PBXFileReference; fileEncoding = 4; lastKnownFileType = sourcecode.c.objc; path = MapViewController.m; sourceTree = "<group>"; };
		49B9DC301ACF2A9A003EA46E /* LeaderboardViewController.h */ = {isa = PBXFileReference; fileEncoding = 4; lastKnownFileType = sourcecode.c.h; path = LeaderboardViewController.h; sourceTree = "<group>"; };
		49B9DC311ACF2A9A003EA46E /* LeaderboardViewController.m */ = {isa = PBXFileReference; fileEncoding = 4; lastKnownFileType = sourcecode.c.objc; path = LeaderboardViewController.m; sourceTree = "<group>"; };
		49B9DC361ACF2BEA003EA46E /* LeaderboardDataSource.h */ = {isa = PBXFileReference; fileEncoding = 4; lastKnownFileType = sourcecode.c.h; name = LeaderboardDataSource.h; path = ../LeaderboardDataSource.h; sourceTree = "<group>"; };
		49B9DC371ACF2BEA003EA46E /* LeaderboardDataSource.m */ = {isa = PBXFileReference; fileEncoding = 4; lastKnownFileType = sourcecode.c.objc; name = LeaderboardDataSource.m; path = ../LeaderboardDataSource.m; sourceTree = "<group>"; };
		49B9DC391ACF2D94003EA46E /* ProfileviewControllerViewController.h */ = {isa = PBXFileReference; fileEncoding = 4; lastKnownFileType = sourcecode.c.h; path = ProfileviewControllerViewController.h; sourceTree = "<group>"; };
		49B9DC3A1ACF2D94003EA46E /* ProfileviewControllerViewController.m */ = {isa = PBXFileReference; fileEncoding = 4; lastKnownFileType = sourcecode.c.objc; path = ProfileviewControllerViewController.m; sourceTree = "<group>"; };
		49B9DC3F1ACF394E003EA46E /* ProfileViewDataSource.h */ = {isa = PBXFileReference; fileEncoding = 4; lastKnownFileType = sourcecode.c.h; path = ProfileViewDataSource.h; sourceTree = "<group>"; };
		49B9DC401ACF394E003EA46E /* ProfileViewDataSource.m */ = {isa = PBXFileReference; fileEncoding = 4; lastKnownFileType = sourcecode.c.objc; path = ProfileViewDataSource.m; sourceTree = "<group>"; };
		49B9DC421ACF4952003EA46E /* ProfileTableViewCell.h */ = {isa = PBXFileReference; fileEncoding = 4; lastKnownFileType = sourcecode.c.h; path = ProfileTableViewCell.h; sourceTree = "<group>"; };
		49B9DC431ACF4952003EA46E /* ProfileTableViewCell.m */ = {isa = PBXFileReference; fileEncoding = 4; lastKnownFileType = sourcecode.c.objc; path = ProfileTableViewCell.m; sourceTree = "<group>"; };
/* End PBXFileReference section */

/* Begin PBXFrameworksBuildPhase section */
		49B9DBB51ACDD518003EA46E /* Frameworks */ = {
			isa = PBXFrameworksBuildPhase;
			buildActionMask = 2147483647;
			files = (
				497063531AD0B6CF00FBA403 /* SystemConfiguration.framework in Frameworks */,
				4970634D1AD0B6A700FBA403 /* QuartzCore.framework in Frameworks */,
				49835E291AD39D760058917B /* OpenGLES.framework in Frameworks */,
				4970635B1AD0B6E800FBA403 /* libz.dylib in Frameworks */,
				49835E271AD39D640058917B /* libicucore.dylib in Frameworks */,
				49835E251AD39D540058917B /* libc++.dylib in Frameworks */,
				49835E231AD39D490058917B /* ImageIO.framework in Frameworks */,
				49835E211AD39D3C0058917B /* GLKit.framework in Frameworks */,
				49835E1F1AD39D350058917B /* CoreText.framework in Frameworks */,
				497063631AD0B70000FBA403 /* CoreLocation.framework in Frameworks */,
				49835E1D1AD39D230058917B /* CoreData.framework in Frameworks */,
				49835E1B1AD39D150058917B /* AVFoundation.framework in Frameworks */,
				497063651AD0B70A00FBA403 /* MapKit.framework in Frameworks */,
				497063611AD0B6FA00FBA403 /* Foundation.framework in Frameworks */,
				4970635F1AD0B6F500FBA403 /* UIKit.framework in Frameworks */,
				4970635D1AD0B6EE00FBA403 /* CoreGraphics.framework in Frameworks */,
				49835E171AD39CCF0058917B /* GoogleMaps.framework in Frameworks */,
				497063591AD0B6E200FBA403 /* libsqlite3.dylib in Frameworks */,
				497063571AD0B6DA00FBA403 /* Accounts.framework in Frameworks */,
				497063551AD0B6D400FBA403 /* Social.framework in Frameworks */,
				497063511AD0B6C400FBA403 /* Security.framework in Frameworks */,
				4970634F1AD0B6B200FBA403 /* AudioToolbox.framework in Frameworks */,
				4970634B1AD0B69E00FBA403 /* MobileCoreServices.framework in Frameworks */,
				497063471AD0B68600FBA403 /* Bolts.framework in Frameworks */,
				497063481AD0B68600FBA403 /* Parse.framework in Frameworks */,
				497063491AD0B68600FBA403 /* ParseUI.framework in Frameworks */,
			);
			runOnlyForDeploymentPostprocessing = 0;
		};
		49B9DBCE1ACDD519003EA46E /* Frameworks */ = {
			isa = PBXFrameworksBuildPhase;
			buildActionMask = 2147483647;
			files = (
			);
			runOnlyForDeploymentPostprocessing = 0;
		};
/* End PBXFrameworksBuildPhase section */

/* Begin PBXGroup section */
		49603D6E1AD1023500AB3E50 /* Login */ = {
			isa = PBXGroup;
			children = (
				49603D681AD1022300AB3E50 /* CustomLoginViewController.h */,
				49603D691AD1022300AB3E50 /* CustomLoginViewController.m */,
				49603D6A1AD1022300AB3E50 /* CustomSignUpViewController.h */,
				49603D6B1AD1022300AB3E50 /* CustomSignUpViewController.m */,
			);
			name = Login;
			sourceTree = "<group>";
		};
		496857401AD59946000CE114 /* Weapons */ = {
			isa = PBXGroup;
			children = (
				4968573D1AD5993E000CE114 /* Weapon.h */,
				4968573E1AD5993E000CE114 /* Weapon.m */,
				493583DD1AD5B173007A46EC /* WeaponController.h */,
				493583DE1AD5B173007A46EC /* WeaponController.m */,
			);
			name = Weapons;
			sourceTree = "<group>";
		};
		497063661AD0B71200FBA403 /* Frameworks */ = {
			isa = PBXGroup;
			children = (
				49835E281AD39D760058917B /* OpenGLES.framework */,
				49835E261AD39D640058917B /* libicucore.dylib */,
				49835E241AD39D540058917B /* libc++.dylib */,
				49835E221AD39D490058917B /* ImageIO.framework */,
				49835E201AD39D3C0058917B /* GLKit.framework */,
				49835E1E1AD39D350058917B /* CoreText.framework */,
				49835E1C1AD39D230058917B /* CoreData.framework */,
				49835E1A1AD39D150058917B /* AVFoundation.framework */,
				49835E181AD39CE40058917B /* GoogleMaps.bundle */,
				49835E161AD39CCF0058917B /* GoogleMaps.framework */,
				497063641AD0B70A00FBA403 /* MapKit.framework */,
				497063621AD0B70000FBA403 /* CoreLocation.framework */,
				497063601AD0B6FA00FBA403 /* Foundation.framework */,
				4970635E1AD0B6F500FBA403 /* UIKit.framework */,
				4970635C1AD0B6EE00FBA403 /* CoreGraphics.framework */,
				4970635A1AD0B6E800FBA403 /* libz.dylib */,
				497063581AD0B6E200FBA403 /* libsqlite3.dylib */,
				497063561AD0B6DA00FBA403 /* Accounts.framework */,
				497063541AD0B6D400FBA403 /* Social.framework */,
				497063521AD0B6CF00FBA403 /* SystemConfiguration.framework */,
				497063501AD0B6C400FBA403 /* Security.framework */,
				4970634E1AD0B6B200FBA403 /* AudioToolbox.framework */,
				4970634C1AD0B6A700FBA403 /* QuartzCore.framework */,
				4970634A1AD0B69E00FBA403 /* MobileCoreServices.framework */,
				497063441AD0B68600FBA403 /* Bolts.framework */,
				497063451AD0B68600FBA403 /* Parse.framework */,
				497063461AD0B68600FBA403 /* ParseUI.framework */,
			);
			name = Frameworks;
			sourceTree = "<group>";
		};
		49B9DBAF1ACDD518003EA46E = {
			isa = PBXGroup;
			children = (
				49B9DBBA1ACDD518003EA46E /* MapTest */,
				49B9DBD41ACDD519003EA46E /* MapTestTests */,
				49B9DBB91ACDD518003EA46E /* Products */,
				497063661AD0B71200FBA403 /* Frameworks */,
			);
			sourceTree = "<group>";
		};
		49B9DBB91ACDD518003EA46E /* Products */ = {
			isa = PBXGroup;
			children = (
				49B9DBB81ACDD518003EA46E /* MapTest.app */,
				49B9DBD11ACDD519003EA46E /* MapTestTests.xctest */,
			);
			name = Products;
			sourceTree = "<group>";
		};
		49B9DBBA1ACDD518003EA46E /* MapTest */ = {
			isa = PBXGroup;
			children = (
				49B9DBBF1ACDD519003EA46E /* AppDelegate.h */,
				49B9DBC01ACDD519003EA46E /* AppDelegate.m */,
				4996BA651AD82B15002D5663 /* User.h */,
				4996BA661AD82B15002D5663 /* User.m */,
				49603D6F1AD20ADF00AB3E50 /* UserController.h */,
				49603D701AD20ADF00AB3E50 /* UserController.m */,
				49603D6E1AD1023500AB3E50 /* Login */,
				49B9DC3C1ACF37BB003EA46E /* MapView */,
				49B9DC3D1ACF37C6003EA46E /* LeaderBoard */,
				49B9DC3E1ACF37D1003EA46E /* Profile */,
				49B9DBC51ACDD519003EA46E /* Main.storyboard */,
				49B9DBC81ACDD519003EA46E /* Images.xcassets */,
				49B9DBCA1ACDD519003EA46E /* LaunchScreen.xib */,
				49B9DBBB1ACDD519003EA46E /* Supporting Files */,
			);
			path = MapTest;
			sourceTree = "<group>";
		};
		49B9DBBB1ACDD519003EA46E /* Supporting Files */ = {
			isa = PBXGroup;
			children = (
				49B9DBBC1ACDD519003EA46E /* Info.plist */,
				49B9DBBD1ACDD519003EA46E /* main.m */,
			);
			name = "Supporting Files";
			sourceTree = "<group>";
		};
		49B9DBD41ACDD519003EA46E /* MapTestTests */ = {
			isa = PBXGroup;
			children = (
				49B9DBD71ACDD519003EA46E /* MapTestTests.m */,
				49B9DBD51ACDD519003EA46E /* Supporting Files */,
			);
			path = MapTestTests;
			sourceTree = "<group>";
		};
		49B9DBD51ACDD519003EA46E /* Supporting Files */ = {
			isa = PBXGroup;
			children = (
				49B9DBD61ACDD519003EA46E /* Info.plist */,
			);
			name = "Supporting Files";
			sourceTree = "<group>";
		};
		49B9DC3C1ACF37BB003EA46E /* MapView */ = {
			isa = PBXGroup;
			children = (
				49B9DBE91ACDDB2A003EA46E /* MapViewController.h */,
				49B9DBEA1ACDDB2A003EA46E /* MapViewController.m */,
				4996BA6E1AD88F04002D5663 /* HitChecker.h */,
				4996BA6F1AD88F05002D5663 /* HitChecker.m */,
				4996BA6B1AD82F68002D5663 /* GMSMarkerWithUser.h */,
				4996BA6C1AD82F68002D5663 /* GMSMarkerWithUser.m */,
				4996BA711AD8CF34002D5663 /* CountdownTimerViewController.h */,
				4996BA721AD8CF34002D5663 /* CountdownTimerViewController.m */,
				49835E151AD39C050058917B /* GoogleMapAPI.h */,
				496857401AD59946000CE114 /* Weapons */,
			);
			name = MapView;
			sourceTree = "<group>";
		};
		49B9DC3D1ACF37C6003EA46E /* LeaderBoard */ = {
			isa = PBXGroup;
			children = (
				49B9DC301ACF2A9A003EA46E /* LeaderboardViewController.h */,
				49B9DC311ACF2A9A003EA46E /* LeaderboardViewController.m */,
				49835E121AD34F400058917B /* LeaderboardCellTableViewCell.h */,
				49835E131AD34F400058917B /* LeaderboardCellTableViewCell.m */,
				49B9DC361ACF2BEA003EA46E /* LeaderboardDataSource.h */,
				49B9DC371ACF2BEA003EA46E /* LeaderboardDataSource.m */,
				49835E0F1AD32FA10058917B /* LeaderBoardController.h */,
				49835E101AD32FA10058917B /* LeaderBoardController.m */,
			);
			name = LeaderBoard;
			sourceTree = "<group>";
		};
		49B9DC3E1ACF37D1003EA46E /* Profile */ = {
			isa = PBXGroup;
			children = (
				49B9DC391ACF2D94003EA46E /* ProfileviewControllerViewController.h */,
				49B9DC3A1ACF2D94003EA46E /* ProfileviewControllerViewController.m */,
				49B9DC3F1ACF394E003EA46E /* ProfileViewDataSource.h */,
				49B9DC401ACF394E003EA46E /* ProfileViewDataSource.m */,
				49603D651AD0B87200AB3E50 /* AvatarTableViewCell.h */,
				49603D661AD0B87200AB3E50 /* AvatarTableViewCell.m */,
				49603D621AD0B84700AB3E50 /* WeaponsTableViewCell.h */,
				49603D631AD0B84700AB3E50 /* WeaponsTableViewCell.m */,
				49B9DC421ACF4952003EA46E /* ProfileTableViewCell.h */,
				49B9DC431ACF4952003EA46E /* ProfileTableViewCell.m */,
			);
			name = Profile;
			sourceTree = "<group>";
		};
/* End PBXGroup section */

/* Begin PBXNativeTarget section */
		49B9DBB71ACDD518003EA46E /* MapTest */ = {
			isa = PBXNativeTarget;
			buildConfigurationList = 49B9DBDB1ACDD519003EA46E /* Build configuration list for PBXNativeTarget "MapTest" */;
			buildPhases = (
				49B9DBB41ACDD518003EA46E /* Sources */,
				49B9DBB51ACDD518003EA46E /* Frameworks */,
				49B9DBB61ACDD518003EA46E /* Resources */,
			);
			buildRules = (
			);
			dependencies = (
			);
			name = MapTest;
			productName = MapTest;
			productReference = 49B9DBB81ACDD518003EA46E /* MapTest.app */;
			productType = "com.apple.product-type.application";
		};
		49B9DBD01ACDD519003EA46E /* MapTestTests */ = {
			isa = PBXNativeTarget;
			buildConfigurationList = 49B9DBDE1ACDD519003EA46E /* Build configuration list for PBXNativeTarget "MapTestTests" */;
			buildPhases = (
				49B9DBCD1ACDD519003EA46E /* Sources */,
				49B9DBCE1ACDD519003EA46E /* Frameworks */,
				49B9DBCF1ACDD519003EA46E /* Resources */,
			);
			buildRules = (
			);
			dependencies = (
				49B9DBD31ACDD519003EA46E /* PBXTargetDependency */,
			);
			name = MapTestTests;
			productName = MapTestTests;
			productReference = 49B9DBD11ACDD519003EA46E /* MapTestTests.xctest */;
			productType = "com.apple.product-type.bundle.unit-test";
		};
/* End PBXNativeTarget section */

/* Begin PBXProject section */
		49B9DBB01ACDD518003EA46E /* Project object */ = {
			isa = PBXProject;
			attributes = {
				LastUpgradeCheck = 0620;
				ORGANIZATIONNAME = "Gabe Guerrero";
				TargetAttributes = {
					49B9DBB71ACDD518003EA46E = {
						CreatedOnToolsVersion = 6.2;
					};
					49B9DBD01ACDD519003EA46E = {
						CreatedOnToolsVersion = 6.2;
						TestTargetID = 49B9DBB71ACDD518003EA46E;
					};
				};
			};
			buildConfigurationList = 49B9DBB31ACDD518003EA46E /* Build configuration list for PBXProject "MapTest" */;
			compatibilityVersion = "Xcode 3.2";
			developmentRegion = English;
			hasScannedForEncodings = 0;
			knownRegions = (
				en,
				Base,
			);
			mainGroup = 49B9DBAF1ACDD518003EA46E;
			productRefGroup = 49B9DBB91ACDD518003EA46E /* Products */;
			projectDirPath = "";
			projectRoot = "";
			targets = (
				49B9DBB71ACDD518003EA46E /* MapTest */,
				49B9DBD01ACDD519003EA46E /* MapTestTests */,
			);
		};
/* End PBXProject section */

/* Begin PBXResourcesBuildPhase section */
		49B9DBB61ACDD518003EA46E /* Resources */ = {
			isa = PBXResourcesBuildPhase;
			buildActionMask = 2147483647;
			files = (
				49B9DBC71ACDD519003EA46E /* Main.storyboard in Resources */,
				49B9DBCC1ACDD519003EA46E /* LaunchScreen.xib in Resources */,
				49B9DBC91ACDD519003EA46E /* Images.xcassets in Resources */,
				49835E191AD39CE40058917B /* GoogleMaps.bundle in Resources */,
			);
			runOnlyForDeploymentPostprocessing = 0;
		};
		49B9DBCF1ACDD519003EA46E /* Resources */ = {
			isa = PBXResourcesBuildPhase;
			buildActionMask = 2147483647;
			files = (
			);
			runOnlyForDeploymentPostprocessing = 0;
		};
/* End PBXResourcesBuildPhase section */

/* Begin PBXSourcesBuildPhase section */
		49B9DBB41ACDD518003EA46E /* Sources */ = {
			isa = PBXSourcesBuildPhase;
			buildActionMask = 2147483647;
			files = (
				49835E111AD32FA10058917B /* LeaderBoardController.m in Sources */,
				49835E141AD34F400058917B /* LeaderboardCellTableViewCell.m in Sources */,
				49603D6D1AD1022300AB3E50 /* CustomSignUpViewController.m in Sources */,
				49B9DBEB1ACDDB2A003EA46E /* MapViewController.m in Sources */,
				49603D671AD0B87200AB3E50 /* AvatarTableViewCell.m in Sources */,
				49B9DC411ACF394E003EA46E /* ProfileViewDataSource.m in Sources */,
				49B9DC3B1ACF2D94003EA46E /* ProfileviewControllerViewController.m in Sources */,
				49B9DC321ACF2A9A003EA46E /* LeaderboardViewController.m in Sources */,
				49B9DC381ACF2BEA003EA46E /* LeaderboardDataSource.m in Sources */,
				49603D641AD0B84700AB3E50 /* WeaponsTableViewCell.m in Sources */,
				49603D711AD20ADF00AB3E50 /* UserController.m in Sources */,
				49B9DBC11ACDD519003EA46E /* AppDelegate.m in Sources */,
				4968573F1AD5993E000CE114 /* Weapon.m in Sources */,
				4996BA701AD88F05002D5663 /* HitChecker.m in Sources */,
				49B9DC441ACF4952003EA46E /* ProfileTableViewCell.m in Sources */,
				4996BA731AD8CF34002D5663 /* CountdownTimerViewController.m in Sources */,
				49603D6C1AD1022300AB3E50 /* CustomLoginViewController.m in Sources */,
				4996BA671AD82B15002D5663 /* User.m in Sources */,
				493583DF1AD5B173007A46EC /* WeaponController.m in Sources */,
				4996BA6D1AD82F68002D5663 /* GMSMarkerWithUser.m in Sources */,
				49B9DBBE1ACDD519003EA46E /* main.m in Sources */,
			);
			runOnlyForDeploymentPostprocessing = 0;
		};
		49B9DBCD1ACDD519003EA46E /* Sources */ = {
			isa = PBXSourcesBuildPhase;
			buildActionMask = 2147483647;
			files = (
				49B9DBD81ACDD519003EA46E /* MapTestTests.m in Sources */,
			);
			runOnlyForDeploymentPostprocessing = 0;
		};
/* End PBXSourcesBuildPhase section */

/* Begin PBXTargetDependency section */
		49B9DBD31ACDD519003EA46E /* PBXTargetDependency */ = {
			isa = PBXTargetDependency;
			target = 49B9DBB71ACDD518003EA46E /* MapTest */;
			targetProxy = 49B9DBD21ACDD519003EA46E /* PBXContainerItemProxy */;
		};
/* End PBXTargetDependency section */

/* Begin PBXVariantGroup section */
		49B9DBC51ACDD519003EA46E /* Main.storyboard */ = {
			isa = PBXVariantGroup;
			children = (
				49B9DBC61ACDD519003EA46E /* Base */,
			);
			name = Main.storyboard;
			sourceTree = "<group>";
		};
		49B9DBCA1ACDD519003EA46E /* LaunchScreen.xib */ = {
			isa = PBXVariantGroup;
			children = (
				49B9DBCB1ACDD519003EA46E /* Base */,
			);
			name = LaunchScreen.xib;
			sourceTree = "<group>";
		};
/* End PBXVariantGroup section */

/* Begin XCBuildConfiguration section */
		49B9DBD91ACDD519003EA46E /* Debug */ = {
			isa = XCBuildConfiguration;
			buildSettings = {
				ALWAYS_SEARCH_USER_PATHS = NO;
				CLANG_CXX_LANGUAGE_STANDARD = "gnu++0x";
				CLANG_CXX_LIBRARY = "libc++";
				CLANG_ENABLE_MODULES = YES;
				CLANG_ENABLE_OBJC_ARC = YES;
				CLANG_WARN_BOOL_CONVERSION = YES;
				CLANG_WARN_CONSTANT_CONVERSION = YES;
				CLANG_WARN_DIRECT_OBJC_ISA_USAGE = YES_ERROR;
				CLANG_WARN_EMPTY_BODY = YES;
				CLANG_WARN_ENUM_CONVERSION = YES;
				CLANG_WARN_INT_CONVERSION = YES;
				CLANG_WARN_OBJC_ROOT_CLASS = YES_ERROR;
				CLANG_WARN_UNREACHABLE_CODE = YES;
				CLANG_WARN__DUPLICATE_METHOD_MATCH = YES;
				"CODE_SIGN_IDENTITY[sdk=iphoneos*]" = "iPhone Developer";
				COPY_PHASE_STRIP = NO;
				ENABLE_STRICT_OBJC_MSGSEND = YES;
				GCC_C_LANGUAGE_STANDARD = gnu99;
				GCC_DYNAMIC_NO_PIC = NO;
				GCC_OPTIMIZATION_LEVEL = 0;
				GCC_PREPROCESSOR_DEFINITIONS = (
					"DEBUG=1",
					"$(inherited)",
				);
				GCC_SYMBOLS_PRIVATE_EXTERN = NO;
				GCC_WARN_64_TO_32_BIT_CONVERSION = YES;
				GCC_WARN_ABOUT_RETURN_TYPE = YES_ERROR;
				GCC_WARN_UNDECLARED_SELECTOR = YES;
				GCC_WARN_UNINITIALIZED_AUTOS = YES_AGGRESSIVE;
				GCC_WARN_UNUSED_FUNCTION = YES;
				GCC_WARN_UNUSED_VARIABLE = YES;
				IPHONEOS_DEPLOYMENT_TARGET = 8.2;
				MTL_ENABLE_DEBUG_INFO = YES;
				ONLY_ACTIVE_ARCH = YES;
				"OTHER_LDFLAGS[arch=*]" = "-ObjC";
				SDKROOT = iphoneos;
			};
			name = Debug;
		};
		49B9DBDA1ACDD519003EA46E /* Release */ = {
			isa = XCBuildConfiguration;
			buildSettings = {
				ALWAYS_SEARCH_USER_PATHS = NO;
				CLANG_CXX_LANGUAGE_STANDARD = "gnu++0x";
				CLANG_CXX_LIBRARY = "libc++";
				CLANG_ENABLE_MODULES = YES;
				CLANG_ENABLE_OBJC_ARC = YES;
				CLANG_WARN_BOOL_CONVERSION = YES;
				CLANG_WARN_CONSTANT_CONVERSION = YES;
				CLANG_WARN_DIRECT_OBJC_ISA_USAGE = YES_ERROR;
				CLANG_WARN_EMPTY_BODY = YES;
				CLANG_WARN_ENUM_CONVERSION = YES;
				CLANG_WARN_INT_CONVERSION = YES;
				CLANG_WARN_OBJC_ROOT_CLASS = YES_ERROR;
				CLANG_WARN_UNREACHABLE_CODE = YES;
				CLANG_WARN__DUPLICATE_METHOD_MATCH = YES;
				"CODE_SIGN_IDENTITY[sdk=iphoneos*]" = "iPhone Developer";
				COPY_PHASE_STRIP = NO;
				ENABLE_NS_ASSERTIONS = NO;
				ENABLE_STRICT_OBJC_MSGSEND = YES;
				GCC_C_LANGUAGE_STANDARD = gnu99;
				GCC_WARN_64_TO_32_BIT_CONVERSION = YES;
				GCC_WARN_ABOUT_RETURN_TYPE = YES_ERROR;
				GCC_WARN_UNDECLARED_SELECTOR = YES;
				GCC_WARN_UNINITIALIZED_AUTOS = YES_AGGRESSIVE;
				GCC_WARN_UNUSED_FUNCTION = YES;
				GCC_WARN_UNUSED_VARIABLE = YES;
				IPHONEOS_DEPLOYMENT_TARGET = 8.2;
				MTL_ENABLE_DEBUG_INFO = NO;
				SDKROOT = iphoneos;
				VALIDATE_PRODUCT = YES;
			};
			name = Release;
		};
		49B9DBDC1ACDD519003EA46E /* Debug */ = {
			isa = XCBuildConfiguration;
			buildSettings = {
				ASSETCATALOG_COMPILER_APPICON_NAME = AppIcon;
				FRAMEWORK_SEARCH_PATHS = (
					"$(inherited)",
					"$(PROJECT_DIR)/MapTest",
					"$(PROJECT_DIR)",
				);
				INFOPLIST_FILE = MapTest/Info.plist;
				LD_RUNPATH_SEARCH_PATHS = "$(inherited) @executable_path/Frameworks";
				PRODUCT_NAME = "$(TARGET_NAME)";
			};
			name = Debug;
		};
		49B9DBDD1ACDD519003EA46E /* Release */ = {
			isa = XCBuildConfiguration;
			buildSettings = {
				ASSETCATALOG_COMPILER_APPICON_NAME = AppIcon;
				FRAMEWORK_SEARCH_PATHS = (
					"$(inherited)",
					"$(PROJECT_DIR)/MapTest",
					"$(PROJECT_DIR)",
				);
				INFOPLIST_FILE = MapTest/Info.plist;
				LD_RUNPATH_SEARCH_PATHS = "$(inherited) @executable_path/Frameworks";
				PRODUCT_NAME = "$(TARGET_NAME)";
			};
			name = Release;
		};
		49B9DBDF1ACDD519003EA46E /* Debug */ = {
			isa = XCBuildConfiguration;
			buildSettings = {
				BUNDLE_LOADER = "$(TEST_HOST)";
				FRAMEWORK_SEARCH_PATHS = (
					"$(SDKROOT)/Developer/Library/Frameworks",
					"$(inherited)",
				);
				GCC_PREPROCESSOR_DEFINITIONS = (
					"DEBUG=1",
					"$(inherited)",
				);
				INFOPLIST_FILE = MapTestTests/Info.plist;
				LD_RUNPATH_SEARCH_PATHS = "$(inherited) @executable_path/Frameworks @loader_path/Frameworks";
				PRODUCT_NAME = "$(TARGET_NAME)";
				TEST_HOST = "$(BUILT_PRODUCTS_DIR)/MapTest.app/MapTest";
			};
			name = Debug;
		};
		49B9DBE01ACDD519003EA46E /* Release */ = {
			isa = XCBuildConfiguration;
			buildSettings = {
				BUNDLE_LOADER = "$(TEST_HOST)";
				FRAMEWORK_SEARCH_PATHS = (
					"$(SDKROOT)/Developer/Library/Frameworks",
					"$(inherited)",
				);
				INFOPLIST_FILE = MapTestTests/Info.plist;
				LD_RUNPATH_SEARCH_PATHS = "$(inherited) @executable_path/Frameworks @loader_path/Frameworks";
				PRODUCT_NAME = "$(TARGET_NAME)";
				TEST_HOST = "$(BUILT_PRODUCTS_DIR)/MapTest.app/MapTest";
			};
			name = Release;
		};
/* End XCBuildConfiguration section */

/* Begin XCConfigurationList section */
		49B9DBB31ACDD518003EA46E /* Build configuration list for PBXProject "MapTest" */ = {
			isa = XCConfigurationList;
			buildConfigurations = (
				49B9DBD91ACDD519003EA46E /* Debug */,
				49B9DBDA1ACDD519003EA46E /* Release */,
			);
			defaultConfigurationIsVisible = 0;
			defaultConfigurationName = Release;
		};
		49B9DBDB1ACDD519003EA46E /* Build configuration list for PBXNativeTarget "MapTest" */ = {
			isa = XCConfigurationList;
			buildConfigurations = (
				49B9DBDC1ACDD519003EA46E /* Debug */,
				49B9DBDD1ACDD519003EA46E /* Release */,
			);
			defaultConfigurationIsVisible = 0;
			defaultConfigurationName = Release;
		};
		49B9DBDE1ACDD519003EA46E /* Build configuration list for PBXNativeTarget "MapTestTests" */ = {
			isa = XCConfigurationList;
			buildConfigurations = (
				49B9DBDF1ACDD519003EA46E /* Debug */,
				49B9DBE01ACDD519003EA46E /* Release */,
			);
			defaultConfigurationIsVisible = 0;
			defaultConfigurationName = Release;
		};
/* End XCConfigurationList section */
	};
	rootObject = 49B9DBB01ACDD518003EA46E /* Project object */;
}
